
Microsoft Visual Studio Solution File, Format Version 12.00
# Visual Studio Version 17
VisualStudioVersion = 17.0.31903.59
MinimumVisualStudioVersion = 10.0.40219.1
Project("{9A19103F-16F7-4668-BE54-9A1E7A4F7556}") = "SimpleAPM", "SimpleAPM\SimpleAPM.csproj", "{C45F529E-2A19-48B5-99D7-B6DB15BDD4A5}"
EndProject
Project("{9A19103F-16F7-4668-BE54-9A1E7A4F7556}") = "Dummy", "Dummy\Dummy.csproj", "{28448218-C79B-4521-BB38-52CEF2EDCD2E}"
EndProject
Project("{9A19103F-16F7-4668-BE54-9A1E7A4F7556}") = "Injectors", "Injectors\Injectors.csproj", "{23C07CB3-ACDB-4E55-AB09-23CA5E9F0289}"
EndProject
Project("{2150E333-8FDC-42A3-9474-1A3956D46DE8}") = "Examples", "Examples", "{F80C2C75-CFAF-43B4-988B-C7A7014EC856}"
EndProject
Global
	GlobalSection(SolutionConfigurationPlatforms) = preSolution
		Debug|Any CPU = Debug|Any CPU
		Release|Any CPU = Release|Any CPU
	EndGlobalSection
	GlobalSection(ProjectConfigurationPlatforms) = postSolution
		{C45F529E-2A19-48B5-99D7-B6DB15BDD4A5}.Debug|Any CPU.ActiveCfg = Debug|Any CPU
		{C45F529E-2A19-48B5-99D7-B6DB15BDD4A5}.Debug|Any CPU.Build.0 = Debug|Any CPU
		{C45F529E-2A19-48B5-99D7-B6DB15BDD4A5}.Release|Any CPU.ActiveCfg = Release|Any CPU
		{C45F529E-2A19-48B5-99D7-B6DB15BDD4A5}.Release|Any CPU.Build.0 = Release|Any CPU
		{28448218-C79B-4521-BB38-52CEF2EDCD2E}.Debug|Any CPU.ActiveCfg = Debug|Any CPU
		{28448218-C79B-4521-BB38-52CEF2EDCD2E}.Debug|Any CPU.Build.0 = Debug|Any CPU
		{28448218-C79B-4521-BB38-52CEF2EDCD2E}.Release|Any CPU.ActiveCfg = Release|Any CPU
		{28448218-C79B-4521-BB38-52CEF2EDCD2E}.Release|Any CPU.Build.0 = Release|Any CPU
		{23C07CB3-ACDB-4E55-AB09-23CA5E9F0289}.Debug|Any CPU.ActiveCfg = Debug|Any CPU
		{23C07CB3-ACDB-4E55-AB09-23CA5E9F0289}.Debug|Any CPU.Build.0 = Debug|Any CPU
		{23C07CB3-ACDB-4E55-AB09-23CA5E9F0289}.Release|Any CPU.ActiveCfg = Release|Any CPU
		{23C07CB3-ACDB-4E55-AB09-23CA5E9F0289}.Release|Any CPU.Build.0 = Release|Any CPU
	EndGlobalSection
	GlobalSection(SolutionProperties) = preSolution
		HideSolutionNode = FALSE
	EndGlobalSection
	GlobalSection(NestedProjects) = preSolution
		{C45F529E-2A19-48B5-99D7-B6DB15BDD4A5} = {F80C2C75-CFAF-43B4-988B-C7A7014EC856}
		{28448218-C79B-4521-BB38-52CEF2EDCD2E} = {F80C2C75-CFAF-43B4-988B-C7A7014EC856}
	EndGlobalSection
	GlobalSection(ExtensibilityGlobals) = postSolution
		SolutionGuid = {04EEBF0F-74CE-4555-A4F2-3AEE939F9799}
	EndGlobalSection
EndGlobal
